
Microsoft Visual Studio Solution File, Format Version 12.00
# Visual Studio 15
Project("{FAE04EC0-301F-11D3-BF4B-00C04F79EFBC}") = "FishNet.Runtime", "FishNet.Runtime.csproj", "{3AFED9AE-490E-E9D4-A412-823952AE022B}"
EndProject
Project("{FAE04EC0-301F-11D3-BF4B-00C04F79EFBC}") = "FishNet.Codegen.Cecil", "FishNet.Codegen.Cecil.csproj", "{6224452B-D8AE-3B19-125B-BDBD4429DEAB}"
EndProject
Project("{FAE04EC0-301F-11D3-BF4B-00C04F79EFBC}") = "Assembly-CSharp", "Assembly-CSharp.csproj", "{5196F07B-BFCD-5C45-E97E-F19CCFE9137C}"
EndProject
Project("{FAE04EC0-301F-11D3-BF4B-00C04F79EFBC}") = "com.rlabrecque.steamworks.net", "com.rlabrecque.steamworks.net.csproj", "{638CD777-46F8-4276-21D1-AA74087F7607}"
EndProject
Project("{FAE04EC0-301F-11D3-BF4B-00C04F79EFBC}") = "GameKit.Dependencies", "GameKit.Dependencies.csproj", "{4D2A1EF3-BE48-D567-E8F2-AC61BE2381AB}"
EndProject
Project("{FAE04EC0-301F-11D3-BF4B-00C04F79EFBC}") = "Assembly-CSharp-Editor", "Assembly-CSharp-Editor.csproj", "{AAE819A3-5AED-9457-28BB-A828F4E52CD3}"
EndProject
Project("{FAE04EC0-301F-11D3-BF4B-00C04F79EFBC}") = "Unity.FishNet.Codegen", "Unity.FishNet.Codegen.csproj", "{CD2F52A6-77EB-D5D5-E3C1-4A4B32158083}"
EndProject
Project("{FAE04EC0-301F-11D3-BF4B-00C04F79EFBC}") = "FishNet.Demos", "FishNet.Demos.csproj", "{440EDCDE-1305-2795-4551-5F6292A1363C}"
EndProject
Project("{FAE04EC0-301F-11D3-BF4B-00C04F79EFBC}") = "com.rlabrecque.steamworks.net.editor", "com.rlabrecque.steamworks.net.editor.csproj", "{6EC90BF3-67B9-1EA9-E4AB-4F1F17DB14C9}"
EndProject
Global
	GlobalSection(SolutionConfigurationPlatforms) = preSolution
		Debug|Any CPU = Debug|Any CPU
		Release|Any CPU = Release|Any CPU
	EndGlobalSection
	GlobalSection(ProjectConfigurationPlatforms) = postSolution
		{3AFED9AE-490E-E9D4-A412-823952AE022B}.Debug|Any CPU.ActiveCfg = Debug|Any CPU
		{3AFED9AE-490E-E9D4-A412-823952AE022B}.Debug|Any CPU.Build.0 = Debug|Any CPU
		{3AFED9AE-490E-E9D4-A412-823952AE022B}.Release|Any CPU.ActiveCfg = Release|Any CPU
		{3AFED9AE-490E-E9D4-A412-823952AE022B}.Release|Any CPU.Build.0 = Release|Any CPU
		{6224452B-D8AE-3B19-125B-BDBD4429DEAB}.Debug|Any CPU.ActiveCfg = Debug|Any CPU
		{6224452B-D8AE-3B19-125B-BDBD4429DEAB}.Debug|Any CPU.Build.0 = Debug|Any CPU
		{6224452B-D8AE-3B19-125B-BDBD4429DEAB}.Release|Any CPU.ActiveCfg = Release|Any CPU
		{6224452B-D8AE-3B19-125B-BDBD4429DEAB}.Release|Any CPU.Build.0 = Release|Any CPU
		{5196F07B-BFCD-5C45-E97E-F19CCFE9137C}.Debug|Any CPU.ActiveCfg = Debug|Any CPU
		{5196F07B-BFCD-5C45-E97E-F19CCFE9137C}.Debug|Any CPU.Build.0 = Debug|Any CPU
		{5196F07B-BFCD-5C45-E97E-F19CCFE9137C}.Release|Any CPU.ActiveCfg = Release|Any CPU
		{5196F07B-BFCD-5C45-E97E-F19CCFE9137C}.Release|Any CPU.Build.0 = Release|Any CPU
		{638CD777-46F8-4276-21D1-AA74087F7607}.Debug|Any CPU.ActiveCfg = Debug|Any CPU
		{638CD777-46F8-4276-21D1-AA74087F7607}.Debug|Any CPU.Build.0 = Debug|Any CPU
		{638CD777-46F8-4276-21D1-AA74087F7607}.Release|Any CPU.ActiveCfg = Release|Any CPU
		{638CD777-46F8-4276-21D1-AA74087F7607}.Release|Any CPU.Build.0 = Release|Any CPU
		{4D2A1EF3-BE48-D567-E8F2-AC61BE2381AB}.Debug|Any CPU.ActiveCfg = Debug|Any CPU
		{4D2A1EF3-BE48-D567-E8F2-AC61BE2381AB}.Debug|Any CPU.Build.0 = Debug|Any CPU
		{4D2A1EF3-BE48-D567-E8F2-AC61BE2381AB}.Release|Any CPU.ActiveCfg = Release|Any CPU
		{4D2A1EF3-BE48-D567-E8F2-AC61BE2381AB}.Release|Any CPU.Build.0 = Release|Any CPU
		{AAE819A3-5AED-9457-28BB-A828F4E52CD3}.Debug|Any CPU.ActiveCfg = Debug|Any CPU
		{AAE819A3-5AED-9457-28BB-A828F4E52CD3}.Debug|Any CPU.Build.0 = Debug|Any CPU
		{AAE819A3-5AED-9457-28BB-A828F4E52CD3}.Release|Any CPU.ActiveCfg = Release|Any CPU
		{AAE819A3-5AED-9457-28BB-A828F4E52CD3}.Release|Any CPU.Build.0 = Release|Any CPU
		{CD2F52A6-77EB-D5D5-E3C1-4A4B32158083}.Debug|Any CPU.ActiveCfg = Debug|Any CPU
		{CD2F52A6-77EB-D5D5-E3C1-4A4B32158083}.Debug|Any CPU.Build.0 = Debug|Any CPU
		{CD2F52A6-77EB-D5D5-E3C1-4A4B32158083}.Release|Any CPU.ActiveCfg = Release|Any CPU
		{CD2F52A6-77EB-D5D5-E3C1-4A4B32158083}.Release|Any CPU.Build.0 = Release|Any CPU
		{440EDCDE-1305-2795-4551-5F6292A1363C}.Debug|Any CPU.ActiveCfg = Debug|Any CPU
		{440EDCDE-1305-2795-4551-5F6292A1363C}.Debug|Any CPU.Build.0 = Debug|Any CPU
		{440EDCDE-1305-2795-4551-5F6292A1363C}.Release|Any CPU.ActiveCfg = Release|Any CPU
		{440EDCDE-1305-2795-4551-5F6292A1363C}.Release|Any CPU.Build.0 = Release|Any CPU
		{6EC90BF3-67B9-1EA9-E4AB-4F1F17DB14C9}.Debug|Any CPU.ActiveCfg = Debug|Any CPU
		{6EC90BF3-67B9-1EA9-E4AB-4F1F17DB14C9}.Debug|Any CPU.Build.0 = Debug|Any CPU
		{6EC90BF3-67B9-1EA9-E4AB-4F1F17DB14C9}.Release|Any CPU.ActiveCfg = Release|Any CPU
		{6EC90BF3-67B9-1EA9-E4AB-4F1F17DB14C9}.Release|Any CPU.Build.0 = Release|Any CPU
	EndGlobalSection
	GlobalSection(SolutionProperties) = preSolution
		HideSolutionNode = FALSE
	EndGlobalSection
EndGlobal
